
Microsoft Visual Studio Solution File, Format Version 12.00
# Visual Studio Version 16
VisualStudioVersion = 16.0.30611.23
MinimumVisualStudioVersion = 10.0.40219.1
Project("{FAE04EC0-301F-11D3-BF4B-00C04F79EFBC}") = "CodegymApi", "CodegymApi\CodegymApi.csproj", "{2A56F469-F81C-44FC-AED6-191E624C85A0}"
EndProject
Global
	GlobalSection(SolutionConfigurationPlatforms) = preSolution
		Debug|Any CPU = Debug|Any CPU
		Release|Any CPU = Release|Any CPU
	EndGlobalSection
	GlobalSection(ProjectConfigurationPlatforms) = postSolution
		{2A56F469-F81C-44FC-AED6-191E624C85A0}.Debug|Any CPU.ActiveCfg = Debug|Any CPU
		{2A56F469-F81C-44FC-AED6-191E624C85A0}.Debug|Any CPU.Build.0 = Debug|Any CPU
		{2A56F469-F81C-44FC-AED6-191E624C85A0}.Release|Any CPU.ActiveCfg = Release|Any CPU
		{2A56F469-F81C-44FC-AED6-191E624C85A0}.Release|Any CPU.Build.0 = Release|Any CPU
	EndGlobalSection
	GlobalSection(SolutionProperties) = preSolution
		HideSolutionNode = FALSE
	EndGlobalSection
	GlobalSection(ExtensibilityGlobals) = postSolution
		SolutionGuid = {D677AEA2-08C2-46FC-AD20-9C0AD1A1F712}
	EndGlobalSection
EndGlobal
